
Microsoft Visual Studio Solution File, Format Version 12.00
# Visual Studio Version 17
VisualStudioVersion = 17.0.31919.166
MinimumVisualStudioVersion = 10.0.40219.1
Project("{FAE04EC0-301F-11D3-BF4B-00C04F79EFBC}") = "meiday", "meiday\meiday.csproj", "{831C2CB2-1010-4E19-B820-57498D7A5CCF}"
EndProject
Global
	GlobalSection(SolutionConfigurationPlatforms) = preSolution
		Debug|Any CPU = Debug|Any CPU
		Release|Any CPU = Release|Any CPU
	EndGlobalSection
	GlobalSection(ProjectConfigurationPlatforms) = postSolution
		{831C2CB2-1010-4E19-B820-57498D7A5CCF}.Debug|Any CPU.ActiveCfg = Debug|Any CPU
		{831C2CB2-1010-4E19-B820-57498D7A5CCF}.Debug|Any CPU.Build.0 = Debug|Any CPU
		{831C2CB2-1010-4E19-B820-57498D7A5CCF}.Release|Any CPU.ActiveCfg = Release|Any CPU
		{831C2CB2-1010-4E19-B820-57498D7A5CCF}.Release|Any CPU.Build.0 = Release|Any CPU
	EndGlobalSection
	GlobalSection(SolutionProperties) = preSolution
		HideSolutionNode = FALSE
	EndGlobalSection
	GlobalSection(ExtensibilityGlobals) = postSolution
		SolutionGuid = {52D8E987-8F26-4E24-9F17-85ADCE5C27EC}
	EndGlobalSection
EndGlobal
